
Microsoft Visual Studio Solution File, Format Version 12.00
# Visual Studio Version 17
VisualStudioVersion = 17.10.35027.167
MinimumVisualStudioVersion = 10.0.40219.1
Project("{FAE04EC0-301F-11D3-BF4B-00C04F79EFBC}") = "WebAppSample", "WebAppSample.csproj", "{C52981A7-F0FC-44B4-952A-EF96B5831C5A}"
EndProject
Global
	GlobalSection(SolutionConfigurationPlatforms) = preSolution
		Debug|Any CPU = Debug|Any CPU
		Release|Any CPU = Release|Any CPU
	EndGlobalSection
	GlobalSection(ProjectConfigurationPlatforms) = postSolution
		{C52981A7-F0FC-44B4-952A-EF96B5831C5A}.Debug|Any CPU.ActiveCfg = Debug|Any CPU
		{C52981A7-F0FC-44B4-952A-EF96B5831C5A}.Debug|Any CPU.Build.0 = Debug|Any CPU
		{C52981A7-F0FC-44B4-952A-EF96B5831C5A}.Release|Any CPU.ActiveCfg = Release|Any CPU
		{C52981A7-F0FC-44B4-952A-EF96B5831C5A}.Release|Any CPU.Build.0 = Release|Any CPU
	EndGlobalSection
	GlobalSection(SolutionProperties) = preSolution
		HideSolutionNode = FALSE
	EndGlobalSection
	GlobalSection(ExtensibilityGlobals) = postSolution
		SolutionGuid = {59C52C80-3692-49B6-8CE4-661941B7329D}
	EndGlobalSection
EndGlobal
